
Microsoft Visual Studio Solution File, Format Version 12.00
# Visual Studio Version 17
VisualStudioVersion = 17.7.34202.233
MinimumVisualStudioVersion = 10.0.40219.1
Project("{FAE04EC0-301F-11D3-BF4B-00C04F79EFBC}") = "piano1", "piano1\piano1.csproj", "{46013210-D7FF-480F-AB0D-18F35EB8BC36}"
EndProject
Global
	GlobalSection(SolutionConfigurationPlatforms) = preSolution
		Debug|Any CPU = Debug|Any CPU
		Release|Any CPU = Release|Any CPU
	EndGlobalSection
	GlobalSection(ProjectConfigurationPlatforms) = postSolution
		{46013210-D7FF-480F-AB0D-18F35EB8BC36}.Debug|Any CPU.ActiveCfg = Debug|Any CPU
		{46013210-D7FF-480F-AB0D-18F35EB8BC36}.Debug|Any CPU.Build.0 = Debug|Any CPU
		{46013210-D7FF-480F-AB0D-18F35EB8BC36}.Release|Any CPU.ActiveCfg = Release|Any CPU
		{46013210-D7FF-480F-AB0D-18F35EB8BC36}.Release|Any CPU.Build.0 = Release|Any CPU
	EndGlobalSection
	GlobalSection(SolutionProperties) = preSolution
		HideSolutionNode = FALSE
	EndGlobalSection
	GlobalSection(ExtensibilityGlobals) = postSolution
		SolutionGuid = {B5620DA7-11A6-4A73-8181-48FA2FBF96B6}
	EndGlobalSection
EndGlobal
